github.com/phuslu/iploc v1.0.20250228 h1:jtBflZRTn8YizdSENKFuhRc/QJCJcGijpQHHjSjbUB0=
github.com/phuslu/iploc v1.0.20250228/go.mod h1:VZqAWoi2A80YPvfk1AizLGHavNIG9nhBC8d87D/SeVs=
github.com/phuslu/iploc v1.0.20250331 h1:M4V3x5t+smmwji/iRZDDboAZ+5QdXyNeX1Hu45MWaxY=
github.com/phuslu/iploc v1.0.20250331/go.mod h1:VZqAWoi2A80YPvfk1AizLGHavNIG9nhBC8d87D/SeVs=
github.com/phuslu/iploc v1.0.20250430 h1:8aVVp1iZ8/uAvOOximMvCOl1fEvhmqgE/gABHMJKTNM=
github.com/phuslu/iploc v1.0.20250430/go.mod h1:VZqAWoi2A80YPvfk1AizLGHavNIG9nhBC8d87D/SeVs=
github.com/phuslu/iploc v1.0.20250520 h1:VJbHSWtNWsRNoX6983YzOYZ3LdNGoO+eCuoYJmxt+1A=
github.com/phuslu/iploc v1.0.20250520/go.mod h1:VZqAWoi2A80YPvfk1AizLGHavNIG9nhBC8d87D/SeVs=
github.com/phuslu/iploc v1.0.20250601 h1:84ZEPCYCX9LZX+e4mwIhF0wevkwbViVfTW5yJknIQrs=
github.com/phuslu/iploc v1.0.20250601/go.mod h1:VZqAWoi2A80YPvfk1AizLGHavNIG9nhBC8d87D/SeVs=
github.com/phuslu/iploc v1.0.20250702 h1:jWq/gMpcQvT2ns44FoXQEgorCt23k7HQHHqcxGQYghQ=
github.com/phuslu/iploc v1.0.20250702/go.mod h1:VZqAWoi2A80YPvfk1AizLGHavNIG9nhBC8d87D/SeVs=
github.com/phuslu/iploc v1.0.20250715 h1:/UXBCJUy9NjMNAD2nf38GypWpid57aWFH5y9EL0i5OE=
github.com/phuslu/iploc v1.0.20250715/go.mod h1:VZqAWoi2A80YPvfk1AizLGHavNIG9nhBC8d87D/SeVs=
github.com/phuslu/iploc v1.0.20250801 h1:bCKcgjOEdTDOwHI9aO5xvPUioDcNFw4Nwm6M79bopAc=
github.com/phuslu/iploc v1.0.20250801/go.mod h1:VZqAWoi2A80YPvfk1AizLGHavNIG9nhBC8d87D/SeVs=
github.com/phuslu/iploc v1.0.20250815 h1:v5PnEaHtPdJqWJ70oZZLdPqwCW/G1+pO+M8mRNACPpw=
github.com/phuslu/iploc v1.0.20250815/go.mod h1:VZqAWoi2A80YPvfk1AizLGHavNIG9nhBC8d87D/SeVs=
github.com/phuslu/iploc v1.0.20250901 h1:zI/aYfKpvaL3xaErWp5xIIdLG5UIVAGjBt5dAoT42PM=
github.com/phuslu/iploc v1.0.20250901/go.mod h1:VZqAWoi2A80YPvfk1AizLGHavNIG9nhBC8d87D/SeVs=
github.com/phuslu/iploc v1.0.20250915 h1:a6pD3CjykWcNz4kTsJEs5xvshAhU/25FZMRxzcgWvDk=
github.com/phuslu/iploc v1.0.20250915/go.mod h1:VZqAWoi2A80YPvfk1AizLGHavNIG9nhBC8d87D/SeVs=
github.com/phuslu/iploc v1.0.20251001 h1:IfYuImC0lYxHKVJuzRzPVHCvM9GZm1mFIBb78gbktgg=
github.com/phuslu/iploc v1.0.20251001/go.mod h1:VZqAWoi2A80YPvfk1AizLGHavNIG9nhBC8d87D/SeVs=
github.com/phuslu/iploc v1.0.20251015 h1:kUit2YMVWVuwp5+a3zVGTh65QOiSvT/k71IKASh+kpM=
github.com/phuslu/iploc v1.0.20251015/go.mod h1:VZqAWoi2A80YPvfk1AizLGHavNIG9nhBC8d87D/SeVs=
