github.com/phuslu/iploc v1.0.20250228 h1:jtBflZRTn8YizdSENKFuhRc/QJCJcGijpQHHjSjbUB0=
github.com/phuslu/iploc v1.0.20250228/go.mod h1:VZqAWoi2A80YPvfk1AizLGHavNIG9nhBC8d87D/SeVs=
github.com/phuslu/iploc v1.0.20250331 h1:M4V3x5t+smmwji/iRZDDboAZ+5QdXyNeX1Hu45MWaxY=
github.com/phuslu/iploc v1.0.20250331/go.mod h1:VZqAWoi2A80YPvfk1AizLGHavNIG9nhBC8d87D/SeVs=
github.com/phuslu/iploc v1.0.20250430 h1:8aVVp1iZ8/uAvOOximMvCOl1fEvhmqgE/gABHMJKTNM=
github.com/phuslu/iploc v1.0.20250430/go.mod h1:VZqAWoi2A80YPvfk1AizLGHavNIG9nhBC8d87D/SeVs=
github.com/phuslu/iploc v1.0.20250520 h1:VJbHSWtNWsRNoX6983YzOYZ3LdNGoO+eCuoYJmxt+1A=
github.com/phuslu/iploc v1.0.20250520/go.mod h1:VZqAWoi2A80YPvfk1AizLGHavNIG9nhBC8d87D/SeVs=
